// !$*UTF8*$!
{
	archiveVersion = 1;
	classes = {
	};
	objectVersion = 56;
	objects = {

/* Begin PBXBuildFile section */
		DCEBB1C929771059007242C3 /* WhatView.swift in Sources */ = {isa = PBXBuildFile; fileRef = DCEBB1C829771059007242C3 /* WhatView.swift */; };
		DCEBB1CB297714C4007242C3 /* PortfolioView.swift in Sources */ = {isa = PBXBuildFile; fileRef = DCEBB1CA297714C4007242C3 /* PortfolioView.swift */; };
		DCEBB1D42977785B007242C3 /* PortfolioModel.swift in Sources */ = {isa = PBXBuildFile; fileRef = DCEBB1D32977785B007242C3 /* PortfolioModel.swift */; };
		DCEBB1D6297857FE007242C3 /* iOSView.swift in Sources */ = {isa = PBXBuildFile; fileRef = DCEBB1D5297857FE007242C3 /* iOSView.swift */; };
		DCEBB1D929785A4A007242C3 /* ViewModel.swift in Sources */ = {isa = PBXBuildFile; fileRef = DCEBB1D829785A4A007242C3 /* ViewModel.swift */; };
		DCEBB1DF29788DF8007242C3 /* MoonDance-Regular.ttf in Resources */ = {isa = PBXBuildFile; fileRef = DCEBB1DC29788DDC007242C3 /* MoonDance-Regular.ttf */; };
		DCEBB1E229788E8F007242C3 /* Niconne-Regular.ttf in Resources */ = {isa = PBXBuildFile; fileRef = DCEBB1E129788E83007242C3 /* Niconne-Regular.ttf */; };
		DCEBB1E429788EEF007242C3 /* OxygenMono-Regular.ttf in Resources */ = {isa = PBXBuildFile; fileRef = DCEBB1E329788EE0007242C3 /* OxygenMono-Regular.ttf */; };
		DCEBB1E629788FA5007242C3 /* CormorantGaramond-Regular.ttf in Resources */ = {isa = PBXBuildFile; fileRef = DCEBB1E529788FA5007242C3 /* CormorantGaramond-Regular.ttf */; };
		DCEBB1E829789356007242C3 /* Aladin-Regular.ttf in Resources */ = {isa = PBXBuildFile; fileRef = DCEBB1E729789356007242C3 /* Aladin-Regular.ttf */; };
		DCEBB1EA297895AB007242C3 /* SelfView.swift in Sources */ = {isa = PBXBuildFile; fileRef = DCEBB1E9297895AB007242C3 /* SelfView.swift */; };
		DCEBB1EC29789893007242C3 /* QuoteView.swift in Sources */ = {isa = PBXBuildFile; fileRef = DCEBB1EB29789893007242C3 /* QuoteView.swift */; };
		DCEBB1EE2978A787007242C3 /* RectangleView.swift in Sources */ = {isa = PBXBuildFile; fileRef = DCEBB1ED2978A787007242C3 /* RectangleView.swift */; };
		DCEBB1F0297B1440007242C3 /* DescriptionView.swift in Sources */ = {isa = PBXBuildFile; fileRef = DCEBB1EF297B1440007242C3 /* DescriptionView.swift */; };
		DCEBB1F2297B1A76007242C3 /* ContactView.swift in Sources */ = {isa = PBXBuildFile; fileRef = DCEBB1F1297B1A76007242C3 /* ContactView.swift */; };
		DCEEF70E2975E83200B12677 /* PortfolioPageApp.swift in Sources */ = {isa = PBXBuildFile; fileRef = DCEEF70D2975E83200B12677 /* PortfolioPageApp.swift */; };
		DCEEF7102975E83200B12677 /* ContentView.swift in Sources */ = {isa = PBXBuildFile; fileRef = DCEEF70F2975E83200B12677 /* ContentView.swift */; };
		DCEEF7122975E83500B12677 /* Assets.xcassets in Resources */ = {isa = PBXBuildFile; fileRef = DCEEF7112975E83500B12677 /* Assets.xcassets */; };
		DCEEF7152975E83500B12677 /* Preview Assets.xcassets in Resources */ = {isa = PBXBuildFile; fileRef = DCEEF7142975E83500B12677 /* Preview Assets.xcassets */; };
		DCEEF71E2975E84800B12677 /* HeaderView.swift in Sources */ = {isa = PBXBuildFile; fileRef = DCEEF71D2975E84800B12677 /* HeaderView.swift */; };
		DCEEF7202975E8CB00B12677 /* HomeView.swift in Sources */ = {isa = PBXBuildFile; fileRef = DCEEF71F2975E8CB00B12677 /* HomeView.swift */; };
		DCEEF7222975EA1800B12677 /* BodyView.swift in Sources */ = {isa = PBXBuildFile; fileRef = DCEEF7212975EA1800B12677 /* BodyView.swift */; };
/* End PBXBuildFile section */

/* Begin PBXFileReference section */
		DCEBB1C829771059007242C3 /* WhatView.swift */ = {isa = PBXFileReference; lastKnownFileType = sourcecode.swift; path = WhatView.swift; sourceTree = "<group>"; };
		DCEBB1CA297714C4007242C3 /* PortfolioView.swift */ = {isa = PBXFileReference; lastKnownFileType = sourcecode.swift; path = PortfolioView.swift; sourceTree = "<group>"; };
		DCEBB1D32977785B007242C3 /* PortfolioModel.swift */ = {isa = PBXFileReference; lastKnownFileType = sourcecode.swift; path = PortfolioModel.swift; sourceTree = "<group>"; };
		DCEBB1D5297857FE007242C3 /* iOSView.swift */ = {isa = PBXFileReference; lastKnownFileType = sourcecode.swift; path = iOSView.swift; sourceTree = "<group>"; };
		DCEBB1D829785A4A007242C3 /* ViewModel.swift */ = {isa = PBXFileReference; lastKnownFileType = sourcecode.swift; path = ViewModel.swift; sourceTree = "<group>"; };
		DCEBB1DC29788DDC007242C3 /* MoonDance-Regular.ttf */ = {isa = PBXFileReference; lastKnownFileType = file; path = "MoonDance-Regular.ttf"; sourceTree = "<group>"; };
		DCEBB1E029788E20007242C3 /* Info.plist */ = {isa = PBXFileReference; lastKnownFileType = text.plist; path = Info.plist; sourceTree = "<group>"; };
		DCEBB1E129788E83007242C3 /* Niconne-Regular.ttf */ = {isa = PBXFileReference; lastKnownFileType = file; path = "Niconne-Regular.ttf"; sourceTree = "<group>"; };
		DCEBB1E329788EE0007242C3 /* OxygenMono-Regular.ttf */ = {isa = PBXFileReference; lastKnownFileType = file; path = "OxygenMono-Regular.ttf"; sourceTree = "<group>"; };
		DCEBB1E529788FA5007242C3 /* CormorantGaramond-Regular.ttf */ = {isa = PBXFileReference; lastKnownFileType = file; path = "CormorantGaramond-Regular.ttf"; sourceTree = "<group>"; };
		DCEBB1E729789356007242C3 /* Aladin-Regular.ttf */ = {isa = PBXFileReference; lastKnownFileType = file; path = "Aladin-Regular.ttf"; sourceTree = "<group>"; };
		DCEBB1E9297895AB007242C3 /* SelfView.swift */ = {isa = PBXFileReference; lastKnownFileType = sourcecode.swift; path = SelfView.swift; sourceTree = "<group>"; };
		DCEBB1EB29789893007242C3 /* QuoteView.swift */ = {isa = PBXFileReference; lastKnownFileType = sourcecode.swift; path = QuoteView.swift; sourceTree = "<group>"; };
		DCEBB1ED2978A787007242C3 /* RectangleView.swift */ = {isa = PBXFileReference; lastKnownFileType = sourcecode.swift; path = RectangleView.swift; sourceTree = "<group>"; };
		DCEBB1EF297B1440007242C3 /* DescriptionView.swift */ = {isa = PBXFileReference; lastKnownFileType = sourcecode.swift; path = DescriptionView.swift; sourceTree = "<group>"; };
		DCEBB1F1297B1A76007242C3 /* ContactView.swift */ = {isa = PBXFileReference; lastKnownFileType = sourcecode.swift; path = ContactView.swift; sourceTree = "<group>"; };
		DCEEF70A2975E83200B12677 /* PortfolioPage.app */ = {isa = PBXFileReference; explicitFileType = wrapper.application; includeInIndex = 0; path = PortfolioPage.app; sourceTree = BUILT_PRODUCTS_DIR; };
		DCEEF70D2975E83200B12677 /* PortfolioPageApp.swift */ = {isa = PBXFileReference; lastKnownFileType = sourcecode.swift; path = PortfolioPageApp.swift; sourceTree = "<group>"; };
		DCEEF70F2975E83200B12677 /* ContentView.swift */ = {isa = PBXFileReference; lastKnownFileType = sourcecode.swift; path = ContentView.swift; sourceTree = "<group>"; };
		DCEEF7112975E83500B12677 /* Assets.xcassets */ = {isa = PBXFileReference; lastKnownFileType = folder.assetcatalog; path = Assets.xcassets; sourceTree = "<group>"; };
		DCEEF7142975E83500B12677 /* Preview Assets.xcassets */ = {isa = PBXFileReference; lastKnownFileType = folder.assetcatalog; path = "Preview Assets.xcassets"; sourceTree = "<group>"; };
		DCEEF7162975E83500B12677 /* PortfolioPage.entitlements */ = {isa = PBXFileReference; lastKnownFileType = text.plist.entitlements; path = PortfolioPage.entitlements; sourceTree = "<group>"; };
		DCEEF71D2975E84800B12677 /* HeaderView.swift */ = {isa = PBXFileReference; lastKnownFileType = sourcecode.swift; path = HeaderView.swift; sourceTree = "<group>"; };
		DCEEF71F2975E8CB00B12677 /* HomeView.swift */ = {isa = PBXFileReference; lastKnownFileType = sourcecode.swift; path = HomeView.swift; sourceTree = "<group>"; };
		DCEEF7212975EA1800B12677 /* BodyView.swift */ = {isa = PBXFileReference; lastKnownFileType = sourcecode.swift; path = BodyView.swift; sourceTree = "<group>"; };
/* End PBXFileReference section */

/* Begin PBXFrameworksBuildPhase section */
		DCEEF7072975E83200B12677 /* Frameworks */ = {
			isa = PBXFrameworksBuildPhase;
			buildActionMask = 2147483647;
			files = (
			);
			runOnlyForDeploymentPostprocessing = 0;
		};
/* End PBXFrameworksBuildPhase section */

/* Begin PBXGroup section */
		DCEBB1D22977784F007242C3 /* Model */ = {
			isa = PBXGroup;
			children = (
				DCEBB1D32977785B007242C3 /* PortfolioModel.swift */,
			);
			path = Model;
			sourceTree = "<group>";
		};
		DCEBB1D729785A35007242C3 /* ViewModel */ = {
			isa = PBXGroup;
			children = (
				DCEBB1D829785A4A007242C3 /* ViewModel.swift */,
			);
			path = ViewModel;
			sourceTree = "<group>";
		};
		DCEBB1F3297B1B14007242C3 /* Components */ = {
			isa = PBXGroup;
			children = (
				DCEBB1ED2978A787007242C3 /* RectangleView.swift */,
			);
			path = Components;
			sourceTree = "<group>";
		};
		DCEBB1F4297B1B42007242C3 /* Headers */ = {
			isa = PBXGroup;
			children = (
				DCEEF71D2975E84800B12677 /* HeaderView.swift */,
			);
			path = Headers;
			sourceTree = "<group>";
		};
		DCEEF7012975E83200B12677 = {
			isa = PBXGroup;
			children = (
				DCEEF70C2975E83200B12677 /* PortfolioPage */,
				DCEEF70B2975E83200B12677 /* Products */,
			);
			sourceTree = "<group>";
		};
		DCEEF70B2975E83200B12677 /* Products */ = {
			isa = PBXGroup;
			children = (
				DCEEF70A2975E83200B12677 /* PortfolioPage.app */,
			);
			name = Products;
			sourceTree = "<group>";
		};
		DCEEF70C2975E83200B12677 /* PortfolioPage */ = {
			isa = PBXGroup;
			children = (
				DCEBB1E729789356007242C3 /* Aladin-Regular.ttf */,
				DCEBB1E529788FA5007242C3 /* CormorantGaramond-Regular.ttf */,
				DCEBB1E329788EE0007242C3 /* OxygenMono-Regular.ttf */,
				DCEBB1E129788E83007242C3 /* Niconne-Regular.ttf */,
				DCEBB1DC29788DDC007242C3 /* MoonDance-Regular.ttf */,
				DCEBB1E029788E20007242C3 /* Info.plist */,
				DCEBB1F3297B1B14007242C3 /* Components */,
				DCEBB1D729785A35007242C3 /* ViewModel */,
				DCEBB1D22977784F007242C3 /* Model */,
				DCEEF71C2975E83E00B12677 /* Views */,
				DCEEF70D2975E83200B12677 /* PortfolioPageApp.swift */,
				DCEEF70F2975E83200B12677 /* ContentView.swift */,
				DCEEF7112975E83500B12677 /* Assets.xcassets */,
				DCEEF7162975E83500B12677 /* PortfolioPage.entitlements */,
				DCEEF7132975E83500B12677 /* Preview Content */,
			);
			path = PortfolioPage;
			sourceTree = "<group>";
		};
		DCEEF7132975E83500B12677 /* Preview Content */ = {
			isa = PBXGroup;
			children = (
				DCEEF7142975E83500B12677 /* Preview Assets.xcassets */,
			);
			path = "Preview Content";
			sourceTree = "<group>";
		};
		DCEEF71C2975E83E00B12677 /* Views */ = {
			isa = PBXGroup;
			children = (
				DCEBB1F4297B1B42007242C3 /* Headers */,
				DCEEF71F2975E8CB00B12677 /* HomeView.swift */,
				DCEEF7212975EA1800B12677 /* BodyView.swift */,
				DCEBB1C829771059007242C3 /* WhatView.swift */,
				DCEBB1CA297714C4007242C3 /* PortfolioView.swift */,
				DCEBB1D5297857FE007242C3 /* iOSView.swift */,
				DCEBB1E9297895AB007242C3 /* SelfView.swift */,
				DCEBB1EB29789893007242C3 /* QuoteView.swift */,
				DCEBB1EF297B1440007242C3 /* DescriptionView.swift */,
				DCEBB1F1297B1A76007242C3 /* ContactView.swift */,
			);
			path = Views;
			sourceTree = "<group>";
		};
/* End PBXGroup section */

/* Begin PBXNativeTarget section */
		DCEEF7092975E83200B12677 /* PortfolioPage */ = {
			isa = PBXNativeTarget;
			buildConfigurationList = DCEEF7192975E83500B12677 /* Build configuration list for PBXNativeTarget "PortfolioPage" */;
			buildPhases = (
				DCEEF7062975E83200B12677 /* Sources */,
				DCEEF7072975E83200B12677 /* Frameworks */,
				DCEEF7082975E83200B12677 /* Resources */,
			);
			buildRules = (
			);
			dependencies = (
			);
			name = PortfolioPage;
			productName = PortfolioPage;
			productReference = DCEEF70A2975E83200B12677 /* PortfolioPage.app */;
			productType = "com.apple.product-type.application";
		};
/* End PBXNativeTarget section */

/* Begin PBXProject section */
		DCEEF7022975E83200B12677 /* Project object */ = {
			isa = PBXProject;
			attributes = {
				BuildIndependentTargetsInParallel = 1;
				LastSwiftUpdateCheck = 1400;
				LastUpgradeCheck = 1400;
				TargetAttributes = {
					DCEEF7092975E83200B12677 = {
						CreatedOnToolsVersion = 14.0.1;
					};
				};
			};
			buildConfigurationList = DCEEF7052975E83200B12677 /* Build configuration list for PBXProject "PortfolioPage" */;
			compatibilityVersion = "Xcode 14.0";
			developmentRegion = en;
			hasScannedForEncodings = 0;
			knownRegions = (
				en,
				Base,
			);
			mainGroup = DCEEF7012975E83200B12677;
			productRefGroup = DCEEF70B2975E83200B12677 /* Products */;
			projectDirPath = "";
			projectRoot = "";
			targets = (
				DCEEF7092975E83200B12677 /* PortfolioPage */,
			);
		};
/* End PBXProject section */

/* Begin PBXResourcesBuildPhase section */
		DCEEF7082975E83200B12677 /* Resources */ = {
			isa = PBXResourcesBuildPhase;
			buildActionMask = 2147483647;
			files = (
				DCEBB1E429788EEF007242C3 /* OxygenMono-Regular.ttf in Resources */,
				DCEBB1E229788E8F007242C3 /* Niconne-Regular.ttf in Resources */,
				DCEBB1DF29788DF8007242C3 /* MoonDance-Regular.ttf in Resources */,
				DCEEF7152975E83500B12677 /* Preview Assets.xcassets in Resources */,
				DCEBB1E829789356007242C3 /* Aladin-Regular.ttf in Resources */,
				DCEBB1E629788FA5007242C3 /* CormorantGaramond-Regular.ttf in Resources */,
				DCEEF7122975E83500B12677 /* Assets.xcassets in Resources */,
			);
			runOnlyForDeploymentPostprocessing = 0;
		};
/* End PBXResourcesBuildPhase section */

/* Begin PBXSourcesBuildPhase section */
		DCEEF7062975E83200B12677 /* Sources */ = {
			isa = PBXSourcesBuildPhase;
			buildActionMask = 2147483647;
			files = (
				DCEEF7102975E83200B12677 /* ContentView.swift in Sources */,
				DCEEF7202975E8CB00B12677 /* HomeView.swift in Sources */,
				DCEEF7222975EA1800B12677 /* BodyView.swift in Sources */,
				DCEEF71E2975E84800B12677 /* HeaderView.swift in Sources */,
				DCEBB1C929771059007242C3 /* WhatView.swift in Sources */,
				DCEEF70E2975E83200B12677 /* PortfolioPageApp.swift in Sources */,
				DCEBB1D6297857FE007242C3 /* iOSView.swift in Sources */,
				DCEBB1D42977785B007242C3 /* PortfolioModel.swift in Sources */,
				DCEBB1F0297B1440007242C3 /* DescriptionView.swift in Sources */,
				DCEBB1EA297895AB007242C3 /* SelfView.swift in Sources */,
				DCEBB1EC29789893007242C3 /* QuoteView.swift in Sources */,
				DCEBB1D929785A4A007242C3 /* ViewModel.swift in Sources */,
				DCEBB1CB297714C4007242C3 /* PortfolioView.swift in Sources */,
				DCEBB1F2297B1A76007242C3 /* ContactView.swift in Sources */,
				DCEBB1EE2978A787007242C3 /* RectangleView.swift in Sources */,
			);
			runOnlyForDeploymentPostprocessing = 0;
		};
/* End PBXSourcesBuildPhase section */

/* Begin XCBuildConfiguration section */
		DCEEF7172975E83500B12677 /* Debug */ = {
			isa = XCBuildConfiguration;
			buildSettings = {
				ALWAYS_SEARCH_USER_PATHS = NO;
				CLANG_ANALYZER_NONNULL = YES;
				CLANG_ANALYZER_NUMBER_OBJECT_CONVERSION = YES_AGGRESSIVE;
				CLANG_CXX_LANGUAGE_STANDARD = "gnu++20";
				CLANG_ENABLE_MODULES = YES;
				CLANG_ENABLE_OBJC_ARC = YES;
				CLANG_ENABLE_OBJC_WEAK = YES;
				CLANG_WARN_BLOCK_CAPTURE_AUTORELEASING = YES;
				CLANG_WARN_BOOL_CONVERSION = YES;
				CLANG_WARN_COMMA = YES;
				CLANG_WARN_CONSTANT_CONVERSION = YES;
				CLANG_WARN_DEPRECATED_OBJC_IMPLEMENTATIONS = YES;
				CLANG_WARN_DIRECT_OBJC_ISA_USAGE = YES_ERROR;
				CLANG_WARN_DOCUMENTATION_COMMENTS = YES;
				CLANG_WARN_EMPTY_BODY = YES;
				CLANG_WARN_ENUM_CONVERSION = YES;
				CLANG_WARN_INFINITE_RECURSION = YES;
				CLANG_WARN_INT_CONVERSION = YES;
				CLANG_WARN_NON_LITERAL_NULL_CONVERSION = YES;
				CLANG_WARN_OBJC_IMPLICIT_RETAIN_SELF = YES;
				CLANG_WARN_OBJC_LITERAL_CONVERSION = YES;
				CLANG_WARN_OBJC_ROOT_CLASS = YES_ERROR;
				CLANG_WARN_QUOTED_INCLUDE_IN_FRAMEWORK_HEADER = YES;
				CLANG_WARN_RANGE_LOOP_ANALYSIS = YES;
				CLANG_WARN_STRICT_PROTOTYPES = YES;
				CLANG_WARN_SUSPICIOUS_MOVE = YES;
				CLANG_WARN_UNGUARDED_AVAILABILITY = YES_AGGRESSIVE;
				CLANG_WARN_UNREACHABLE_CODE = YES;
				CLANG_WARN__DUPLICATE_METHOD_MATCH = YES;
				COPY_PHASE_STRIP = NO;
				DEBUG_INFORMATION_FORMAT = dwarf;
				ENABLE_STRICT_OBJC_MSGSEND = YES;
				ENABLE_TESTABILITY = YES;
				GCC_C_LANGUAGE_STANDARD = gnu11;
				GCC_DYNAMIC_NO_PIC = NO;
				GCC_NO_COMMON_BLOCKS = YES;
				GCC_OPTIMIZATION_LEVEL = 0;
				GCC_PREPROCESSOR_DEFINITIONS = (
					"DEBUG=1",
					"$(inherited)",
				);
				GCC_WARN_64_TO_32_BIT_CONVERSION = YES;
				GCC_WARN_ABOUT_RETURN_TYPE = YES_ERROR;
				GCC_WARN_UNDECLARED_SELECTOR = YES;
				GCC_WARN_UNINITIALIZED_AUTOS = YES_AGGRESSIVE;
				GCC_WARN_UNUSED_FUNCTION = YES;
				GCC_WARN_UNUSED_VARIABLE = YES;
				MACOSX_DEPLOYMENT_TARGET = 12.3;
				MTL_ENABLE_DEBUG_INFO = INCLUDE_SOURCE;
				MTL_FAST_MATH = YES;
				ONLY_ACTIVE_ARCH = YES;
				SDKROOT = macosx;
				SWIFT_ACTIVE_COMPILATION_CONDITIONS = DEBUG;
				SWIFT_OPTIMIZATION_LEVEL = "-Onone";
			};
			name = Debug;
		};
		DCEEF7182975E83500B12677 /* Release */ = {
			isa = XCBuildConfiguration;
			buildSettings = {
				ALWAYS_SEARCH_USER_PATHS = NO;
				CLANG_ANALYZER_NONNULL = YES;
				CLANG_ANALYZER_NUMBER_OBJECT_CONVERSION = YES_AGGRESSIVE;
				CLANG_CXX_LANGUAGE_STANDARD = "gnu++20";
				CLANG_ENABLE_MODULES = YES;
				CLANG_ENABLE_OBJC_ARC = YES;
				CLANG_ENABLE_OBJC_WEAK = YES;
				CLANG_WARN_BLOCK_CAPTURE_AUTORELEASING = YES;
				CLANG_WARN_BOOL_CONVERSION = YES;
				CLANG_WARN_COMMA = YES;
				CLANG_WARN_CONSTANT_CONVERSION = YES;
				CLANG_WARN_DEPRECATED_OBJC_IMPLEMENTATIONS = YES;
				CLANG_WARN_DIRECT_OBJC_ISA_USAGE = YES_ERROR;
				CLANG_WARN_DOCUMENTATION_COMMENTS = YES;
				CLANG_WARN_EMPTY_BODY = YES;
				CLANG_WARN_ENUM_CONVERSION = YES;
				CLANG_WARN_INFINITE_RECURSION = YES;
				CLANG_WARN_INT_CONVERSION = YES;
				CLANG_WARN_NON_LITERAL_NULL_CONVERSION = YES;
				CLANG_WARN_OBJC_IMPLICIT_RETAIN_SELF = YES;
				CLANG_WARN_OBJC_LITERAL_CONVERSION = YES;
				CLANG_WARN_OBJC_ROOT_CLASS = YES_ERROR;
				CLANG_WARN_QUOTED_INCLUDE_IN_FRAMEWORK_HEADER = YES;
				CLANG_WARN_RANGE_LOOP_ANALYSIS = YES;
				CLANG_WARN_STRICT_PROTOTYPES = YES;
				CLANG_WARN_SUSPICIOUS_MOVE = YES;
				CLANG_WARN_UNGUARDED_AVAILABILITY = YES_AGGRESSIVE;
				CLANG_WARN_UNREACHABLE_CODE = YES;
				CLANG_WARN__DUPLICATE_METHOD_MATCH = YES;
				COPY_PHASE_STRIP = NO;
				DEBUG_INFORMATION_FORMAT = "dwarf-with-dsym";
				ENABLE_NS_ASSERTIONS = NO;
				ENABLE_STRICT_OBJC_MSGSEND = YES;
				GCC_C_LANGUAGE_STANDARD = gnu11;
				GCC_NO_COMMON_BLOCKS = YES;
				GCC_WARN_64_TO_32_BIT_CONVERSION = YES;
				GCC_WARN_ABOUT_RETURN_TYPE = YES_ERROR;
				GCC_WARN_UNDECLARED_SELECTOR = YES;
				GCC_WARN_UNINITIALIZED_AUTOS = YES_AGGRESSIVE;
				GCC_WARN_UNUSED_FUNCTION = YES;
				GCC_WARN_UNUSED_VARIABLE = YES;
				MACOSX_DEPLOYMENT_TARGET = 12.3;
				MTL_ENABLE_DEBUG_INFO = NO;
				MTL_FAST_MATH = YES;
				SDKROOT = macosx;
				SWIFT_COMPILATION_MODE = wholemodule;
				SWIFT_OPTIMIZATION_LEVEL = "-O";
			};
			name = Release;
		};
		DCEEF71A2975E83500B12677 /* Debug */ = {
			isa = XCBuildConfiguration;
			buildSettings = {
				ASSETCATALOG_COMPILER_APPICON_NAME = AppIcon;
				ASSETCATALOG_COMPILER_GLOBAL_ACCENT_COLOR_NAME = AccentColor;
				CODE_SIGN_ENTITLEMENTS = PortfolioPage/PortfolioPage.entitlements;
				CODE_SIGN_STYLE = Automatic;
				COMBINE_HIDPI_IMAGES = YES;
				CURRENT_PROJECT_VERSION = 1;
				DEVELOPMENT_ASSET_PATHS = "\"PortfolioPage/Preview Content\"";
				DEVELOPMENT_TEAM = BRXBZH3DV4;
				ENABLE_HARDENED_RUNTIME = YES;
				ENABLE_PREVIEWS = YES;
				GENERATE_INFOPLIST_FILE = YES;
				INFOPLIST_FILE = PortfolioPage/Info.plist;
				INFOPLIST_KEY_NSHumanReadableCopyright = "";
				LD_RUNPATH_SEARCH_PATHS = (
					"$(inherited)",
					"@executable_path/../Frameworks",
				);
				MARKETING_VERSION = 1.0;
				PRODUCT_BUNDLE_IDENTIFIER = com.DavinHenrik.PortfolioPage;
				PRODUCT_NAME = "$(TARGET_NAME)";
				SWIFT_EMIT_LOC_STRINGS = YES;
				SWIFT_VERSION = 5.0;
			};
			name = Debug;
		};
		DCEEF71B2975E83500B12677 /* Release */ = {
			isa = XCBuildConfiguration;
			buildSettings = {
				ASSETCATALOG_COMPILER_APPICON_NAME = AppIcon;
				ASSETCATALOG_COMPILER_GLOBAL_ACCENT_COLOR_NAME = AccentColor;
				CODE_SIGN_ENTITLEMENTS = PortfolioPage/PortfolioPage.entitlements;
				CODE_SIGN_STYLE = Automatic;
				COMBINE_HIDPI_IMAGES = YES;
				CURRENT_PROJECT_VERSION = 1;
				DEVELOPMENT_ASSET_PATHS = "\"PortfolioPage/Preview Content\"";
				DEVELOPMENT_TEAM = BRXBZH3DV4;
				ENABLE_HARDENED_RUNTIME = YES;
				ENABLE_PREVIEWS = YES;
				GENERATE_INFOPLIST_FILE = YES;
				INFOPLIST_FILE = PortfolioPage/Info.plist;
				INFOPLIST_KEY_NSHumanReadableCopyright = "";
				LD_RUNPATH_SEARCH_PATHS = (
					"$(inherited)",
					"@executable_path/../Frameworks",
				);
				MARKETING_VERSION = 1.0;
				PRODUCT_BUNDLE_IDENTIFIER = com.DavinHenrik.PortfolioPage;
				PRODUCT_NAME = "$(TARGET_NAME)";
				SWIFT_EMIT_LOC_STRINGS = YES;
				SWIFT_VERSION = 5.0;
			};
			name = Release;
		};
/* End XCBuildConfiguration section */

/* Begin XCConfigurationList section */
		DCEEF7052975E83200B12677 /* Build configuration list for PBXProject "PortfolioPage" */ = {
			isa = XCConfigurationList;
			buildConfigurations = (
				DCEEF7172975E83500B12677 /* Debug */,
				DCEEF7182975E83500B12677 /* Release */,
			);
			defaultConfigurationIsVisible = 0;
			defaultConfigurationName = Release;
		};
		DCEEF7192975E83500B12677 /* Build configuration list for PBXNativeTarget "PortfolioPage" */ = {
			isa = XCConfigurationList;
			buildConfigurations = (
				DCEEF71A2975E83500B12677 /* Debug */,
				DCEEF71B2975E83500B12677 /* Release */,
			);
			defaultConfigurationIsVisible = 0;
			defaultConfigurationName = Release;
		};
/* End XCConfigurationList section */
	};
	rootObject = DCEEF7022975E83200B12677 /* Project object */;
}
